{
  "nodes": {
    "crypto3": {
      "inputs": {
        "flake-utils": "flake-utils",
        "nix-3rdparty": "nix-3rdparty",
        "nixpkgs": [
          "nixpkgs"
        ]
      },
      "locked": {
        "lastModified": 1726125910,
        "narHash": "sha256-AgwapAsC6l4Guf8XFpS8quOm6jd9Mo2w4btaaXAkYwU=",
        "ref": "refs/heads/master",
        "rev": "246955ad06f9f1bf4bbb75ed2870cca5df331fa7",
        "revCount": 10454,
        "type": "git",
        "url": "https://github.com/NilFoundation/crypto3"
      },
      "original": {
        "type": "git",
        "url": "https://github.com/NilFoundation/crypto3"
      }
    },
    "flake-utils": {
      "inputs": {
        "systems": "systems"
      },
      "locked": {
        "lastModified": 1710146030,
        "narHash": "sha256-SZ5L6eA7HJ/nmkzGG7/ISclqe6oZdOZTNoesiInkXPQ=",
        "owner": "numtide",
        "repo": "flake-utils",
        "rev": "b1d9ab70662946ef0850d488da1c9019f3a9752a",
        "type": "github"
      },
      "original": {
        "owner": "numtide",
        "repo": "flake-utils",
        "type": "github"
      }
    },
    "flake-utils_2": {
      "inputs": {
        "systems": "systems_2"
      },
      "locked": {
        "lastModified": 1710146030,
        "narHash": "sha256-SZ5L6eA7HJ/nmkzGG7/ISclqe6oZdOZTNoesiInkXPQ=",
        "owner": "numtide",
        "repo": "flake-utils",
        "rev": "b1d9ab70662946ef0850d488da1c9019f3a9752a",
        "type": "github"
      },
      "original": {
        "owner": "numtide",
        "repo": "flake-utils",
        "type": "github"
      }
    },
    "flake-utils_3": {
      "inputs": {
        "systems": "systems_3"
      },
      "locked": {
        "lastModified": 1710146030,
        "narHash": "sha256-SZ5L6eA7HJ/nmkzGG7/ISclqe6oZdOZTNoesiInkXPQ=",
        "owner": "numtide",
        "repo": "flake-utils",
        "rev": "b1d9ab70662946ef0850d488da1c9019f3a9752a",
        "type": "github"
      },
      "original": {
        "owner": "numtide",
        "repo": "flake-utils",
        "type": "github"
      }
    },
    "nix-3rdparty": {
      "inputs": {
        "flake-utils": [
          "crypto3",
          "flake-utils"
        ],
        "nixpkgs": [
          "crypto3",
          "nixpkgs"
        ]
      },
      "locked": {
        "lastModified": 1717519917,
        "narHash": "sha256-GqzEqEW4Uz9Z7uDZwers0t9seWRNbRWPNE3OJnjE1Uw=",
        "owner": "NilFoundation",
        "repo": "nix-3rdparty",
        "rev": "a2e45429aa25a4a6e8e362ef17df6f197312f224",
        "type": "github"
      },
      "original": {
        "owner": "NilFoundation",
        "repo": "nix-3rdparty",
        "type": "github"
      }
    },
    "nix-3rdparty_2": {
      "inputs": {
        "flake-utils": [
          "parallel-crypto3",
          "flake-utils"
        ],
        "nixpkgs": [
          "parallel-crypto3",
          "nixpkgs"
        ]
      },
      "locked": {
        "lastModified": 1721822436,
        "narHash": "sha256-AQidmv80fA72FFHgyjCq9Psc04w9aaHedJpoVgnLb6M=",
        "owner": "NilFoundation",
        "repo": "nix-3rdparty",
        "rev": "d14a2a3c4b9498b297400b225fc09570bfe0a9a1",
        "type": "github"
      },
      "original": {
        "owner": "NilFoundation",
        "repo": "nix-3rdparty",
        "type": "github"
      }
    },
    "nixpkgs": {
      "locked": {
        "lastModified": 1720535198,
        "narHash": "sha256-zwVvxrdIzralnSbcpghA92tWu2DV2lwv89xZc8MTrbg=",
        "owner": "NixOS",
        "repo": "nixpkgs",
        "rev": "205fd4226592cc83fd4c0885a3e4c9c400efabb5",
        "type": "github"
      },
      "original": {
        "owner": "NixOS",
        "ref": "nixos-23.11",
        "repo": "nixpkgs",
        "type": "github"
      }
    },
    "parallel-crypto3": {
      "inputs": {
        "crypto3": [
          "crypto3"
        ],
        "flake-utils": "flake-utils_3",
        "nix-3rdparty": "nix-3rdparty_2",
        "nixpkgs": [
          "nixpkgs"
        ]
      },
      "locked": {
        "lastModified": 1726133783,
        "narHash": "sha256-yCn5iYTgREHxHx4qajl7E/1BOEu6ToKAxeJz2XNnnSk=",
        "ref": "refs/heads/master",
        "rev": "07f03019fd0467716c419692a309bca0e8b9718a",
        "revCount": 1466,
        "submodules": true,
        "type": "git",
        "url": "https://github.com/NilFoundation/parallel-crypto3"
      },
      "original": {
        "submodules": true,
        "type": "git",
        "url": "https://github.com/NilFoundation/parallel-crypto3"
      }
    },
    "root": {
      "inputs": {
        "crypto3": "crypto3",
        "flake-utils": "flake-utils_2",
        "nixpkgs": "nixpkgs",
        "parallel-crypto3": "parallel-crypto3"
      }
    },
    "systems": {
      "locked": {
        "lastModified": 1681028828,
        "narHash": "sha256-Vy1rq5AaRuLzOxct8nz4T6wlgyUR7zLU309k9mBC768=",
        "owner": "nix-systems",
        "repo": "default",
        "rev": "da67096a3b9bf56a91d16901293e51ba5b49a27e",
        "type": "github"
      },
      "original": {
        "owner": "nix-systems",
        "repo": "default",
        "type": "github"
      }
    },
    "systems_2": {
      "locked": {
        "lastModified": 1681028828,
        "narHash": "sha256-Vy1rq5AaRuLzOxct8nz4T6wlgyUR7zLU309k9mBC768=",
        "owner": "nix-systems",
        "repo": "default",
        "rev": "da67096a3b9bf56a91d16901293e51ba5b49a27e",
        "type": "github"
      },
      "original": {
        "owner": "nix-systems",
        "repo": "default",
        "type": "github"
      }
    },
    "systems_3": {
      "locked": {
        "lastModified": 1681028828,
        "narHash": "sha256-Vy1rq5AaRuLzOxct8nz4T6wlgyUR7zLU309k9mBC768=",
        "owner": "nix-systems",
        "repo": "default",
        "rev": "da67096a3b9bf56a91d16901293e51ba5b49a27e",
        "type": "github"
      },
      "original": {
        "owner": "nix-systems",
        "repo": "default",
        "type": "github"
      }
    }
  },
  "root": "root",
  "version": 7
}
